
Microsoft Visual Studio Solution File, Format Version 12.00
# Visual Studio Version 17
VisualStudioVersion = 17.1.32210.238
MinimumVisualStudioVersion = 10.0.40219.1
Project("{FAE04EC0-301F-11D3-BF4B-00C04F79EFBC}") = "ApiGateway", "ApiGateway\ApiGateway.csproj", "{52628B0D-B973-43EF-ADCF-3CF1260A901F}"
EndProject
Global
	GlobalSection(SolutionConfigurationPlatforms) = preSolution
		Debug|Any CPU = Debug|Any CPU
		Release|Any CPU = Release|Any CPU
	EndGlobalSection
	GlobalSection(ProjectConfigurationPlatforms) = postSolution
		{52628B0D-B973-43EF-ADCF-3CF1260A901F}.Debug|Any CPU.ActiveCfg = Debug|Any CPU
		{52628B0D-B973-43EF-ADCF-3CF1260A901F}.Debug|Any CPU.Build.0 = Debug|Any CPU
		{52628B0D-B973-43EF-ADCF-3CF1260A901F}.Release|Any CPU.ActiveCfg = Release|Any CPU
		{52628B0D-B973-43EF-ADCF-3CF1260A901F}.Release|Any CPU.Build.0 = Release|Any CPU
	EndGlobalSection
	GlobalSection(SolutionProperties) = preSolution
		HideSolutionNode = FALSE
	EndGlobalSection
	GlobalSection(ExtensibilityGlobals) = postSolution
		SolutionGuid = {934472B2-89C5-44D7-AC24-04DC44E19066}
	EndGlobalSection
EndGlobal
