
Microsoft Visual Studio Solution File, Format Version 12.00
# Visual Studio Version 17
VisualStudioVersion = 17.1.32210.238
MinimumVisualStudioVersion = 10.0.40219.1
Project("{FAE04EC0-301F-11D3-BF4B-00C04F79EFBC}") = "ArtistService", "ArtistService\ArtistService.csproj", "{261513E2-9E15-4D97-A1ED-09BA22F73418}"
EndProject
Project("{FAE04EC0-301F-11D3-BF4B-00C04F79EFBC}") = "ArtistService.Tests", "ArtistService.Tests\ArtistService.Tests.csproj", "{29DC59FB-BB68-4CF6-AFC8-06332ABD4755}"
EndProject
Global
	GlobalSection(SolutionConfigurationPlatforms) = preSolution
		Debug|Any CPU = Debug|Any CPU
		Release|Any CPU = Release|Any CPU
	EndGlobalSection
	GlobalSection(ProjectConfigurationPlatforms) = postSolution
		{261513E2-9E15-4D97-A1ED-09BA22F73418}.Debug|Any CPU.ActiveCfg = Debug|Any CPU
		{261513E2-9E15-4D97-A1ED-09BA22F73418}.Debug|Any CPU.Build.0 = Debug|Any CPU
		{261513E2-9E15-4D97-A1ED-09BA22F73418}.Release|Any CPU.ActiveCfg = Release|Any CPU
		{261513E2-9E15-4D97-A1ED-09BA22F73418}.Release|Any CPU.Build.0 = Release|Any CPU
		{29DC59FB-BB68-4CF6-AFC8-06332ABD4755}.Debug|Any CPU.ActiveCfg = Debug|Any CPU
		{29DC59FB-BB68-4CF6-AFC8-06332ABD4755}.Debug|Any CPU.Build.0 = Debug|Any CPU
		{29DC59FB-BB68-4CF6-AFC8-06332ABD4755}.Release|Any CPU.ActiveCfg = Release|Any CPU
		{29DC59FB-BB68-4CF6-AFC8-06332ABD4755}.Release|Any CPU.Build.0 = Release|Any CPU
	EndGlobalSection
	GlobalSection(SolutionProperties) = preSolution
		HideSolutionNode = FALSE
	EndGlobalSection
	GlobalSection(ExtensibilityGlobals) = postSolution
		SolutionGuid = {B654CA2D-3310-4765-B8A9-12E564334E51}
	EndGlobalSection
EndGlobal
