
Microsoft Visual Studio Solution File, Format Version 12.00
# Visual Studio Version 17
VisualStudioVersion = 17.1.32210.238
MinimumVisualStudioVersion = 10.0.40219.1
Project("{9A19103F-16F7-4668-BE54-9A1E7A4F7556}") = "UserService", "UserService\UserService.csproj", "{F718D35A-2E41-4E59-B424-9974393BE9BB}"
EndProject
Project("{9A19103F-16F7-4668-BE54-9A1E7A4F7556}") = "MusicService", "..\MusicService\MusicService\MusicService.csproj", "{1708DBCA-5F5B-4EC3-A6C2-7FFE84596CA3}"
EndProject
Global
	GlobalSection(SolutionConfigurationPlatforms) = preSolution
		Debug|Any CPU = Debug|Any CPU
		Release|Any CPU = Release|Any CPU
	EndGlobalSection
	GlobalSection(ProjectConfigurationPlatforms) = postSolution
		{F718D35A-2E41-4E59-B424-9974393BE9BB}.Debug|Any CPU.ActiveCfg = Debug|Any CPU
		{F718D35A-2E41-4E59-B424-9974393BE9BB}.Debug|Any CPU.Build.0 = Debug|Any CPU
		{F718D35A-2E41-4E59-B424-9974393BE9BB}.Release|Any CPU.ActiveCfg = Release|Any CPU
		{F718D35A-2E41-4E59-B424-9974393BE9BB}.Release|Any CPU.Build.0 = Release|Any CPU
		{1708DBCA-5F5B-4EC3-A6C2-7FFE84596CA3}.Debug|Any CPU.ActiveCfg = Debug|Any CPU
		{1708DBCA-5F5B-4EC3-A6C2-7FFE84596CA3}.Debug|Any CPU.Build.0 = Debug|Any CPU
		{1708DBCA-5F5B-4EC3-A6C2-7FFE84596CA3}.Release|Any CPU.ActiveCfg = Release|Any CPU
		{1708DBCA-5F5B-4EC3-A6C2-7FFE84596CA3}.Release|Any CPU.Build.0 = Release|Any CPU
	EndGlobalSection
	GlobalSection(SolutionProperties) = preSolution
		HideSolutionNode = FALSE
	EndGlobalSection
	GlobalSection(ExtensibilityGlobals) = postSolution
		SolutionGuid = {956D6185-4853-4B99-8F47-4AF05A7B95E2}
	EndGlobalSection
EndGlobal
